
Microsoft Visual Studio Solution File, Format Version 12.00
# Visual Studio Version 16
VisualStudioVersion = 16.0.31729.503
MinimumVisualStudioVersion = 10.0.40219.1
Project("{FAE04EC0-301F-11D3-BF4B-00C04F79EFBC}") = "JwtSample", "JwtSample\JwtSample.csproj", "{E6B1B909-10F7-4388-80D4-9F1D756BF00A}"
EndProject
Global
	GlobalSection(SolutionConfigurationPlatforms) = preSolution
		Debug|Any CPU = Debug|Any CPU
		Release|Any CPU = Release|Any CPU
	EndGlobalSection
	GlobalSection(ProjectConfigurationPlatforms) = postSolution
		{E6B1B909-10F7-4388-80D4-9F1D756BF00A}.Debug|Any CPU.ActiveCfg = Debug|Any CPU
		{E6B1B909-10F7-4388-80D4-9F1D756BF00A}.Debug|Any CPU.Build.0 = Debug|Any CPU
		{E6B1B909-10F7-4388-80D4-9F1D756BF00A}.Release|Any CPU.ActiveCfg = Release|Any CPU
		{E6B1B909-10F7-4388-80D4-9F1D756BF00A}.Release|Any CPU.Build.0 = Release|Any CPU
	EndGlobalSection
	GlobalSection(SolutionProperties) = preSolution
		HideSolutionNode = FALSE
	EndGlobalSection
	GlobalSection(ExtensibilityGlobals) = postSolution
		SolutionGuid = {A70EB5F7-10FB-4835-8968-9F7551E9213C}
	EndGlobalSection
EndGlobal
